
Microsoft Visual Studio Solution File, Format Version 12.00
# Visual Studio 15
VisualStudioVersion = 15.0.28307.329
MinimumVisualStudioVersion = 10.0.40219.1
Project("{9A19103F-16F7-4668-BE54-9A1E7A4F7556}") = "BattleshipWeb", "BattleshipWeb\BattleshipWeb.csproj", "{D9920A97-594D-4FA3-A63D-3C95B0855193}"
EndProject
Project("{FAE04EC0-301F-11D3-BF4B-00C04F79EFBC}") = "BattleshipTest", "BattleshipTest\BattleshipTest.csproj", "{14C4C78A-BAED-4C5C-A24C-270941CB075E}"
EndProject
Global
	GlobalSection(SolutionConfigurationPlatforms) = preSolution
		Debug|Any CPU = Debug|Any CPU
		Release|Any CPU = Release|Any CPU
	EndGlobalSection
	GlobalSection(ProjectConfigurationPlatforms) = postSolution
		{D9920A97-594D-4FA3-A63D-3C95B0855193}.Debug|Any CPU.ActiveCfg = Debug|Any CPU
		{D9920A97-594D-4FA3-A63D-3C95B0855193}.Debug|Any CPU.Build.0 = Debug|Any CPU
		{D9920A97-594D-4FA3-A63D-3C95B0855193}.Release|Any CPU.ActiveCfg = Release|Any CPU
		{D9920A97-594D-4FA3-A63D-3C95B0855193}.Release|Any CPU.Build.0 = Release|Any CPU
		{14C4C78A-BAED-4C5C-A24C-270941CB075E}.Debug|Any CPU.ActiveCfg = Debug|Any CPU
		{14C4C78A-BAED-4C5C-A24C-270941CB075E}.Debug|Any CPU.Build.0 = Debug|Any CPU
		{14C4C78A-BAED-4C5C-A24C-270941CB075E}.Release|Any CPU.ActiveCfg = Release|Any CPU
		{14C4C78A-BAED-4C5C-A24C-270941CB075E}.Release|Any CPU.Build.0 = Release|Any CPU
	EndGlobalSection
	GlobalSection(SolutionProperties) = preSolution
		HideSolutionNode = FALSE
	EndGlobalSection
	GlobalSection(ExtensibilityGlobals) = postSolution
		SolutionGuid = {EF2F92D8-91A0-42B0-A9D8-C66471EC0D6B}
	EndGlobalSection
EndGlobal
